
Microsoft Visual Studio Solution File, Format Version 12.00
# Visual Studio Version 17
VisualStudioVersion = 17.6.33712.159
MinimumVisualStudioVersion = 10.0.40219.1
Project("{FAE04EC0-301F-11D3-BF4B-00C04F79EFBC}") = "Estoque", "Estoque\Estoque.csproj", "{492A27A6-6ABD-4C66-A7FC-283FEA221E3D}"
EndProject
Global
	GlobalSection(SolutionConfigurationPlatforms) = preSolution
		Debug|Any CPU = Debug|Any CPU
		Release|Any CPU = Release|Any CPU
	EndGlobalSection
	GlobalSection(ProjectConfigurationPlatforms) = postSolution
		{492A27A6-6ABD-4C66-A7FC-283FEA221E3D}.Debug|Any CPU.ActiveCfg = Debug|Any CPU
		{492A27A6-6ABD-4C66-A7FC-283FEA221E3D}.Debug|Any CPU.Build.0 = Debug|Any CPU
		{492A27A6-6ABD-4C66-A7FC-283FEA221E3D}.Release|Any CPU.ActiveCfg = Release|Any CPU
		{492A27A6-6ABD-4C66-A7FC-283FEA221E3D}.Release|Any CPU.Build.0 = Release|Any CPU
	EndGlobalSection
	GlobalSection(SolutionProperties) = preSolution
		HideSolutionNode = FALSE
	EndGlobalSection
	GlobalSection(ExtensibilityGlobals) = postSolution
		SolutionGuid = {B1F7A1A4-494D-4A0B-BC93-6A2764FB2C06}
	EndGlobalSection
EndGlobal
